{
  "name": "deployconverterc721todn404",
  "version": "1.0.0",
  "lockfileVersion": 2,
  "requires": true,
  "packages": {
    "": {
      "name": "deployconverterc721todn404",
      "version": "1.0.0",
      "license": "ISC",
      "devDependencies": {
        "@openzeppelin/contracts": "^5.0.2",
        "dotenv": "^16.4.5",
        "solady": "^0.0.177"
      }
    },
    "node_modules/@openzeppelin/contracts": {
      "version": "5.0.2",
      "resolved": "https://registry.npmjs.org/@openzeppelin/contracts/-/contracts-5.0.2.tgz",
      "integrity": "sha512-ytPc6eLGcHHnapAZ9S+5qsdomhjo6QBHTDRRBFfTxXIpsicMhVPouPgmUPebZZZGX7vt9USA+Z+0M0dSVtSUEA==",
      "dev": true
    },
    "node_modules/dotenv": {
      "version": "16.4.5",
      "resolved": "https://registry.npmjs.org/dotenv/-/dotenv-16.4.5.tgz",
      "integrity": "sha512-ZmdL2rui+eB2YwhsWzjInR8LldtZHGDoQ1ugH85ppHKwpUHL7j7rN0Ti9NCnGiQbhaZ11FpR+7ao1dNsmduNUg==",
      "dev": true,
      "engines": {
        "node": ">=12"
      },
      "funding": {
        "url": "https://dotenvx.com"
      }
    },
    "node_modules/solady": {
      "version": "0.0.177",
      "resolved": "https://registry.npmjs.org/solady/-/solady-0.0.177.tgz",
      "integrity": "sha512-ac9eCKPmJMZEcqTXmqtUfy3hQdPh2w+YYupsSncaO2A1mxqH3jvpskJz9TpYEH/o0wDupf6f9NBkjCLGJFyplg==",
      "dev": true
    }
  },
  "dependencies": {
    "@openzeppelin/contracts": {
      "version": "5.0.2",
      "resolved": "https://registry.npmjs.org/@openzeppelin/contracts/-/contracts-5.0.2.tgz",
      "integrity": "sha512-ytPc6eLGcHHnapAZ9S+5qsdomhjo6QBHTDRRBFfTxXIpsicMhVPouPgmUPebZZZGX7vt9USA+Z+0M0dSVtSUEA==",
      "dev": true
    },
    "dotenv": {
      "version": "16.4.5",
      "resolved": "https://registry.npmjs.org/dotenv/-/dotenv-16.4.5.tgz",
      "integrity": "sha512-ZmdL2rui+eB2YwhsWzjInR8LldtZHGDoQ1ugH85ppHKwpUHL7j7rN0Ti9NCnGiQbhaZ11FpR+7ao1dNsmduNUg==",
      "dev": true
    },
    "solady": {
      "version": "0.0.177",
      "resolved": "https://registry.npmjs.org/solady/-/solady-0.0.177.tgz",
      "integrity": "sha512-ac9eCKPmJMZEcqTXmqtUfy3hQdPh2w+YYupsSncaO2A1mxqH3jvpskJz9TpYEH/o0wDupf6f9NBkjCLGJFyplg==",
      "dev": true
    }
  }
}
